
Microsoft Visual Studio Solution File, Format Version 12.00
# Visual Studio 15
VisualStudioVersion = 15.0.26430.16
MinimumVisualStudioVersion = 10.0.40219.1
Project("{FAE04EC0-301F-11D3-BF4B-00C04F79EFBC}") = "Hello", "Hello\Hello.csproj", "{43D3A9D9-D831-46CD-BE33-1DE6770DB406}"
EndProject
Project("{FAE04EC0-301F-11D3-BF4B-00C04F79EFBC}") = "OOdemot", "OOdemot\OOdemot.csproj", "{647E5B70-F18B-4837-8A73-4FCAFA7B4CB9}"
EndProject
Project("{FAE04EC0-301F-11D3-BF4B-00C04F79EFBC}") = "Labrat", "Labrat\Labrat.csproj", "{36EC6E93-2A0B-414B-8992-38D53537417D}"
EndProject
Project("{FAE04EC0-301F-11D3-BF4B-00C04F79EFBC}") = "Opiskelija", "ConsoleApp1\Opiskelija.csproj", "{29521FC2-3429-41ED-8263-6128E4F7FC8D}"
EndProject
Project("{FAE04EC0-301F-11D3-BF4B-00C04F79EFBC}") = "Kuivaaja", "Kuivaaja\Kuivaaja.csproj", "{2DE9B70D-9499-45E8-A4C1-4AD868981F4D}"
EndProject
Project("{FAE04EC0-301F-11D3-BF4B-00C04F79EFBC}") = "Lab03", "Lab03\Lab03.csproj", "{D4957DB1-2B3D-48CC-AC29-2DF4D9E0FDED}"
EndProject
Project("{FAE04EC0-301F-11D3-BF4B-00C04F79EFBC}") = "Lab04", "Lab04\Lab04.csproj", "{F56ADBC8-7157-4514-8EB2-0FD991415956}"
EndProject
Project("{FAE04EC0-301F-11D3-BF4B-00C04F79EFBC}") = "Lab05", "Lab05\Lab05.csproj", "{1FD8A8E9-C0EC-4092-88D7-4A71F59B8DEC}"
EndProject
Project("{FAE04EC0-301F-11D3-BF4B-00C04F79EFBC}") = "Lab06", "Lab06\Lab06.csproj", "{01CD6480-B9D5-48C3-918B-C7A8EC532C55}"
EndProject
Project("{FAE04EC0-301F-11D3-BF4B-00C04F79EFBC}") = "Lab08", "Lab08\Lab08.csproj", "{BAA5FFF6-451F-4BD8-9484-1B758A981581}"
EndProject
Project("{FAE04EC0-301F-11D3-BF4B-00C04F79EFBC}") = "Lab09", "Lab09\Lab09.csproj", "{D607D363-A27C-4E1F-BD5A-49E3E6229ABF}"
EndProject
Project("{FAE04EC0-301F-11D3-BF4B-00C04F79EFBC}") = "DemoLaskin", "DemoLaskin\DemoLaskin.csproj", "{305FC0DC-E11C-4785-B173-A77891939575}"
EndProject
Project("{FAE04EC0-301F-11D3-BF4B-00C04F79EFBC}") = "DemoLaskinTests", "DemoLaskinTests\DemoLaskinTests.csproj", "{4108FEC1-CC8B-42C1-BD81-5CB301B90A1D}"
EndProject
Project("{FAE04EC0-301F-11D3-BF4B-00C04F79EFBC}") = "WpfDemo", "WpfDemo\WpfDemo.csproj", "{BCE97170-D59E-4F4C-9604-1C5186CA4F7C}"
EndProject
Global
	GlobalSection(SolutionConfigurationPlatforms) = preSolution
		Debug|Any CPU = Debug|Any CPU
		Release|Any CPU = Release|Any CPU
	EndGlobalSection
	GlobalSection(ProjectConfigurationPlatforms) = postSolution
		{43D3A9D9-D831-46CD-BE33-1DE6770DB406}.Debug|Any CPU.ActiveCfg = Debug|Any CPU
		{43D3A9D9-D831-46CD-BE33-1DE6770DB406}.Debug|Any CPU.Build.0 = Debug|Any CPU
		{43D3A9D9-D831-46CD-BE33-1DE6770DB406}.Release|Any CPU.ActiveCfg = Release|Any CPU
		{43D3A9D9-D831-46CD-BE33-1DE6770DB406}.Release|Any CPU.Build.0 = Release|Any CPU
		{647E5B70-F18B-4837-8A73-4FCAFA7B4CB9}.Debug|Any CPU.ActiveCfg = Debug|Any CPU
		{647E5B70-F18B-4837-8A73-4FCAFA7B4CB9}.Debug|Any CPU.Build.0 = Debug|Any CPU
		{647E5B70-F18B-4837-8A73-4FCAFA7B4CB9}.Release|Any CPU.ActiveCfg = Release|Any CPU
		{647E5B70-F18B-4837-8A73-4FCAFA7B4CB9}.Release|Any CPU.Build.0 = Release|Any CPU
		{36EC6E93-2A0B-414B-8992-38D53537417D}.Debug|Any CPU.ActiveCfg = Debug|Any CPU
		{36EC6E93-2A0B-414B-8992-38D53537417D}.Debug|Any CPU.Build.0 = Debug|Any CPU
		{36EC6E93-2A0B-414B-8992-38D53537417D}.Release|Any CPU.ActiveCfg = Release|Any CPU
		{36EC6E93-2A0B-414B-8992-38D53537417D}.Release|Any CPU.Build.0 = Release|Any CPU
		{29521FC2-3429-41ED-8263-6128E4F7FC8D}.Debug|Any CPU.ActiveCfg = Debug|Any CPU
		{29521FC2-3429-41ED-8263-6128E4F7FC8D}.Debug|Any CPU.Build.0 = Debug|Any CPU
		{29521FC2-3429-41ED-8263-6128E4F7FC8D}.Release|Any CPU.ActiveCfg = Release|Any CPU
		{29521FC2-3429-41ED-8263-6128E4F7FC8D}.Release|Any CPU.Build.0 = Release|Any CPU
		{2DE9B70D-9499-45E8-A4C1-4AD868981F4D}.Debug|Any CPU.ActiveCfg = Debug|Any CPU
		{2DE9B70D-9499-45E8-A4C1-4AD868981F4D}.Debug|Any CPU.Build.0 = Debug|Any CPU
		{2DE9B70D-9499-45E8-A4C1-4AD868981F4D}.Release|Any CPU.ActiveCfg = Release|Any CPU
		{2DE9B70D-9499-45E8-A4C1-4AD868981F4D}.Release|Any CPU.Build.0 = Release|Any CPU
		{D4957DB1-2B3D-48CC-AC29-2DF4D9E0FDED}.Debug|Any CPU.ActiveCfg = Debug|Any CPU
		{D4957DB1-2B3D-48CC-AC29-2DF4D9E0FDED}.Debug|Any CPU.Build.0 = Debug|Any CPU
		{D4957DB1-2B3D-48CC-AC29-2DF4D9E0FDED}.Release|Any CPU.ActiveCfg = Release|Any CPU
		{D4957DB1-2B3D-48CC-AC29-2DF4D9E0FDED}.Release|Any CPU.Build.0 = Release|Any CPU
		{F56ADBC8-7157-4514-8EB2-0FD991415956}.Debug|Any CPU.ActiveCfg = Debug|Any CPU
		{F56ADBC8-7157-4514-8EB2-0FD991415956}.Debug|Any CPU.Build.0 = Debug|Any CPU
		{F56ADBC8-7157-4514-8EB2-0FD991415956}.Release|Any CPU.ActiveCfg = Release|Any CPU
		{F56ADBC8-7157-4514-8EB2-0FD991415956}.Release|Any CPU.Build.0 = Release|Any CPU
		{1FD8A8E9-C0EC-4092-88D7-4A71F59B8DEC}.Debug|Any CPU.ActiveCfg = Debug|Any CPU
		{1FD8A8E9-C0EC-4092-88D7-4A71F59B8DEC}.Debug|Any CPU.Build.0 = Debug|Any CPU
		{1FD8A8E9-C0EC-4092-88D7-4A71F59B8DEC}.Release|Any CPU.ActiveCfg = Release|Any CPU
		{1FD8A8E9-C0EC-4092-88D7-4A71F59B8DEC}.Release|Any CPU.Build.0 = Release|Any CPU
		{01CD6480-B9D5-48C3-918B-C7A8EC532C55}.Debug|Any CPU.ActiveCfg = Debug|Any CPU
		{01CD6480-B9D5-48C3-918B-C7A8EC532C55}.Debug|Any CPU.Build.0 = Debug|Any CPU
		{01CD6480-B9D5-48C3-918B-C7A8EC532C55}.Release|Any CPU.ActiveCfg = Release|Any CPU
		{01CD6480-B9D5-48C3-918B-C7A8EC532C55}.Release|Any CPU.Build.0 = Release|Any CPU
		{BAA5FFF6-451F-4BD8-9484-1B758A981581}.Debug|Any CPU.ActiveCfg = Debug|Any CPU
		{BAA5FFF6-451F-4BD8-9484-1B758A981581}.Debug|Any CPU.Build.0 = Debug|Any CPU
		{BAA5FFF6-451F-4BD8-9484-1B758A981581}.Release|Any CPU.ActiveCfg = Release|Any CPU
		{BAA5FFF6-451F-4BD8-9484-1B758A981581}.Release|Any CPU.Build.0 = Release|Any CPU
		{D607D363-A27C-4E1F-BD5A-49E3E6229ABF}.Debug|Any CPU.ActiveCfg = Debug|Any CPU
		{D607D363-A27C-4E1F-BD5A-49E3E6229ABF}.Debug|Any CPU.Build.0 = Debug|Any CPU
		{D607D363-A27C-4E1F-BD5A-49E3E6229ABF}.Release|Any CPU.ActiveCfg = Release|Any CPU
		{D607D363-A27C-4E1F-BD5A-49E3E6229ABF}.Release|Any CPU.Build.0 = Release|Any CPU
		{305FC0DC-E11C-4785-B173-A77891939575}.Debug|Any CPU.ActiveCfg = Debug|Any CPU
		{305FC0DC-E11C-4785-B173-A77891939575}.Debug|Any CPU.Build.0 = Debug|Any CPU
		{305FC0DC-E11C-4785-B173-A77891939575}.Release|Any CPU.ActiveCfg = Release|Any CPU
		{305FC0DC-E11C-4785-B173-A77891939575}.Release|Any CPU.Build.0 = Release|Any CPU
		{4108FEC1-CC8B-42C1-BD81-5CB301B90A1D}.Debug|Any CPU.ActiveCfg = Debug|Any CPU
		{4108FEC1-CC8B-42C1-BD81-5CB301B90A1D}.Debug|Any CPU.Build.0 = Debug|Any CPU
		{4108FEC1-CC8B-42C1-BD81-5CB301B90A1D}.Release|Any CPU.ActiveCfg = Release|Any CPU
		{4108FEC1-CC8B-42C1-BD81-5CB301B90A1D}.Release|Any CPU.Build.0 = Release|Any CPU
		{BCE97170-D59E-4F4C-9604-1C5186CA4F7C}.Debug|Any CPU.ActiveCfg = Debug|Any CPU
		{BCE97170-D59E-4F4C-9604-1C5186CA4F7C}.Debug|Any CPU.Build.0 = Debug|Any CPU
		{BCE97170-D59E-4F4C-9604-1C5186CA4F7C}.Release|Any CPU.ActiveCfg = Release|Any CPU
		{BCE97170-D59E-4F4C-9604-1C5186CA4F7C}.Release|Any CPU.Build.0 = Release|Any CPU
	EndGlobalSection
	GlobalSection(SolutionProperties) = preSolution
		HideSolutionNode = FALSE
	EndGlobalSection
	GlobalSection(ExtensibilityGlobals) = postSolution
		SolutionGuid = {DA6FC810-E32A-470B-A013-27047A4FA0D8}
	EndGlobalSection
EndGlobal
