
Microsoft Visual Studio Solution File, Format Version 12.00
# Visual Studio 15
VisualStudioVersion = 15.0.26430.16
MinimumVisualStudioVersion = 10.0.40219.1
Project("{FAE04EC0-301F-11D3-BF4B-00C04F79EFBC}") = "Hello", "Hello\Hello.csproj", "{43D3A9D9-D831-46CD-BE33-1DE6770DB406}"
EndProject
Project("{FAE04EC0-301F-11D3-BF4B-00C04F79EFBC}") = "OOdemot", "OOdemot\OOdemot.csproj", "{647E5B70-F18B-4837-8A73-4FCAFA7B4CB9}"
EndProject
Project("{FAE04EC0-301F-11D3-BF4B-00C04F79EFBC}") = "Labrat", "Labrat\Labrat.csproj", "{36EC6E93-2A0B-414B-8992-38D53537417D}"
EndProject
Project("{FAE04EC0-301F-11D3-BF4B-00C04F79EFBC}") = "Opiskelija", "ConsoleApp1\Opiskelija.csproj", "{29521FC2-3429-41ED-8263-6128E4F7FC8D}"
EndProject
Project("{FAE04EC0-301F-11D3-BF4B-00C04F79EFBC}") = "Kuivaaja", "Kuivaaja\Kuivaaja.csproj", "{2DE9B70D-9499-45E8-A4C1-4AD868981F4D}"
EndProject
Project("{FAE04EC0-301F-11D3-BF4B-00C04F79EFBC}") = "Lab03", "Lab03\Lab03.csproj", "{D4957DB1-2B3D-48CC-AC29-2DF4D9E0FDED}"
EndProject
Global
	GlobalSection(SolutionConfigurationPlatforms) = preSolution
		Debug|Any CPU = Debug|Any CPU
		Release|Any CPU = Release|Any CPU
	EndGlobalSection
	GlobalSection(ProjectConfigurationPlatforms) = postSolution
		{43D3A9D9-D831-46CD-BE33-1DE6770DB406}.Debug|Any CPU.ActiveCfg = Debug|Any CPU
		{43D3A9D9-D831-46CD-BE33-1DE6770DB406}.Debug|Any CPU.Build.0 = Debug|Any CPU
		{43D3A9D9-D831-46CD-BE33-1DE6770DB406}.Release|Any CPU.ActiveCfg = Release|Any CPU
		{43D3A9D9-D831-46CD-BE33-1DE6770DB406}.Release|Any CPU.Build.0 = Release|Any CPU
		{647E5B70-F18B-4837-8A73-4FCAFA7B4CB9}.Debug|Any CPU.ActiveCfg = Debug|Any CPU
		{647E5B70-F18B-4837-8A73-4FCAFA7B4CB9}.Debug|Any CPU.Build.0 = Debug|Any CPU
		{647E5B70-F18B-4837-8A73-4FCAFA7B4CB9}.Release|Any CPU.ActiveCfg = Release|Any CPU
		{647E5B70-F18B-4837-8A73-4FCAFA7B4CB9}.Release|Any CPU.Build.0 = Release|Any CPU
		{36EC6E93-2A0B-414B-8992-38D53537417D}.Debug|Any CPU.ActiveCfg = Debug|Any CPU
		{36EC6E93-2A0B-414B-8992-38D53537417D}.Debug|Any CPU.Build.0 = Debug|Any CPU
		{36EC6E93-2A0B-414B-8992-38D53537417D}.Release|Any CPU.ActiveCfg = Release|Any CPU
		{36EC6E93-2A0B-414B-8992-38D53537417D}.Release|Any CPU.Build.0 = Release|Any CPU
		{29521FC2-3429-41ED-8263-6128E4F7FC8D}.Debug|Any CPU.ActiveCfg = Debug|Any CPU
		{29521FC2-3429-41ED-8263-6128E4F7FC8D}.Debug|Any CPU.Build.0 = Debug|Any CPU
		{29521FC2-3429-41ED-8263-6128E4F7FC8D}.Release|Any CPU.ActiveCfg = Release|Any CPU
		{29521FC2-3429-41ED-8263-6128E4F7FC8D}.Release|Any CPU.Build.0 = Release|Any CPU
		{2DE9B70D-9499-45E8-A4C1-4AD868981F4D}.Debug|Any CPU.ActiveCfg = Debug|Any CPU
		{2DE9B70D-9499-45E8-A4C1-4AD868981F4D}.Debug|Any CPU.Build.0 = Debug|Any CPU
		{2DE9B70D-9499-45E8-A4C1-4AD868981F4D}.Release|Any CPU.ActiveCfg = Release|Any CPU
		{2DE9B70D-9499-45E8-A4C1-4AD868981F4D}.Release|Any CPU.Build.0 = Release|Any CPU
		{D4957DB1-2B3D-48CC-AC29-2DF4D9E0FDED}.Debug|Any CPU.ActiveCfg = Debug|Any CPU
		{D4957DB1-2B3D-48CC-AC29-2DF4D9E0FDED}.Debug|Any CPU.Build.0 = Debug|Any CPU
		{D4957DB1-2B3D-48CC-AC29-2DF4D9E0FDED}.Release|Any CPU.ActiveCfg = Release|Any CPU
		{D4957DB1-2B3D-48CC-AC29-2DF4D9E0FDED}.Release|Any CPU.Build.0 = Release|Any CPU
	EndGlobalSection
	GlobalSection(SolutionProperties) = preSolution
		HideSolutionNode = FALSE
	EndGlobalSection
	GlobalSection(ExtensibilityGlobals) = postSolution
		SolutionGuid = {DA6FC810-E32A-470B-A013-27047A4FA0D8}
	EndGlobalSection
EndGlobal
